
Microsoft Visual Studio Solution File, Format Version 12.00
# Visual Studio Version 17
VisualStudioVersion = 17.10.34928.147
MinimumVisualStudioVersion = 10.0.40219.1
Project("{9A19103F-16F7-4668-BE54-9A1E7A4F7556}") = "Domain", "Domain\Domain.csproj", "{F523DDB1-57B7-45AD-B650-332F2A7DB58F}"
EndProject
Project("{9A19103F-16F7-4668-BE54-9A1E7A4F7556}") = "Infrastructure", "Infrastructure\Infrastructure.csproj", "{EDC59DB2-8681-47F7-ABCC-82B772714A72}"
EndProject
Project("{9A19103F-16F7-4668-BE54-9A1E7A4F7556}") = "Application", "Application\Application.csproj", "{8479A19A-C5C4-49F1-B0B9-F8D3024117AD}"
EndProject
Project("{9A19103F-16F7-4668-BE54-9A1E7A4F7556}") = "Platform", "Platform\Platform.csproj", "{C7A2B33E-CDD9-481A-937F-C91FBCA19632}"
EndProject
Global
	GlobalSection(SolutionConfigurationPlatforms) = preSolution
		Debug|Any CPU = Debug|Any CPU
		Release|Any CPU = Release|Any CPU
	EndGlobalSection
	GlobalSection(ProjectConfigurationPlatforms) = postSolution
		{F523DDB1-57B7-45AD-B650-332F2A7DB58F}.Debug|Any CPU.ActiveCfg = Debug|Any CPU
		{F523DDB1-57B7-45AD-B650-332F2A7DB58F}.Debug|Any CPU.Build.0 = Debug|Any CPU
		{F523DDB1-57B7-45AD-B650-332F2A7DB58F}.Release|Any CPU.ActiveCfg = Release|Any CPU
		{F523DDB1-57B7-45AD-B650-332F2A7DB58F}.Release|Any CPU.Build.0 = Release|Any CPU
		{EDC59DB2-8681-47F7-ABCC-82B772714A72}.Debug|Any CPU.ActiveCfg = Debug|Any CPU
		{EDC59DB2-8681-47F7-ABCC-82B772714A72}.Debug|Any CPU.Build.0 = Debug|Any CPU
		{EDC59DB2-8681-47F7-ABCC-82B772714A72}.Release|Any CPU.ActiveCfg = Release|Any CPU
		{EDC59DB2-8681-47F7-ABCC-82B772714A72}.Release|Any CPU.Build.0 = Release|Any CPU
		{8479A19A-C5C4-49F1-B0B9-F8D3024117AD}.Debug|Any CPU.ActiveCfg = Debug|Any CPU
		{8479A19A-C5C4-49F1-B0B9-F8D3024117AD}.Debug|Any CPU.Build.0 = Debug|Any CPU
		{8479A19A-C5C4-49F1-B0B9-F8D3024117AD}.Release|Any CPU.ActiveCfg = Release|Any CPU
		{8479A19A-C5C4-49F1-B0B9-F8D3024117AD}.Release|Any CPU.Build.0 = Release|Any CPU
		{C7A2B33E-CDD9-481A-937F-C91FBCA19632}.Debug|Any CPU.ActiveCfg = Debug|Any CPU
		{C7A2B33E-CDD9-481A-937F-C91FBCA19632}.Debug|Any CPU.Build.0 = Debug|Any CPU
		{C7A2B33E-CDD9-481A-937F-C91FBCA19632}.Debug|Any CPU.Deploy.0 = Debug|Any CPU
		{C7A2B33E-CDD9-481A-937F-C91FBCA19632}.Release|Any CPU.ActiveCfg = Release|Any CPU
		{C7A2B33E-CDD9-481A-937F-C91FBCA19632}.Release|Any CPU.Build.0 = Release|Any CPU
	EndGlobalSection
	GlobalSection(SolutionProperties) = preSolution
		HideSolutionNode = FALSE
	EndGlobalSection
EndGlobal
